
Microsoft Visual Studio Solution File, Format Version 12.00
# Visual Studio 15
VisualStudioVersion = 15.0.26124.0
MinimumVisualStudioVersion = 15.0.26124.0
Project("{9A19103F-16F7-4668-BE54-9A1E7A4F7556}") = "Core.Template.Api", "Core.Template.Api\Core.Template.Api.csproj", "{398E80D5-3929-407D-B238-9EB97E110AAD}"
EndProject
Project("{9A19103F-16F7-4668-BE54-9A1E7A4F7556}") = "Core.Template.Utils", "Core.Template.Utils\Core.Template.Utils.csproj", "{CABE4F44-3213-4CBF-81B6-A7F6B58E3C70}"
EndProject
Project("{9A19103F-16F7-4668-BE54-9A1E7A4F7556}") = "Core.Template.IServices", "Core.Template.IServices\Core.Template.IServices.csproj", "{44D37D78-188C-4AFB-AB29-6A44E2B67274}"
EndProject
Project("{9A19103F-16F7-4668-BE54-9A1E7A4F7556}") = "Core.Template.Models", "Core.Template.Models\Core.Template.Models.csproj", "{86462BFD-5334-45D9-913C-335A105F9BF3}"
EndProject
Project("{9A19103F-16F7-4668-BE54-9A1E7A4F7556}") = "Core.Template.Services", "Core.Template.Services\Core.Template.Services.csproj", "{5477A2C1-06FF-44ED-A5CF-8605CE6CBC16}"
EndProject
Project("{FAE04EC0-301F-11D3-BF4B-00C04F79EFBC}") = "Core.Template.Web", "Core.Template.Web\Core.Template.Web.csproj", "{5B124D9E-E1E5-4943-8D9E-D9ADEEA97C68}"
EndProject
Global
	GlobalSection(SolutionConfigurationPlatforms) = preSolution
		Debug|Any CPU = Debug|Any CPU
		Release|Any CPU = Release|Any CPU
	EndGlobalSection
	GlobalSection(ProjectConfigurationPlatforms) = postSolution
		{398E80D5-3929-407D-B238-9EB97E110AAD}.Debug|Any CPU.ActiveCfg = Debug|Any CPU
		{398E80D5-3929-407D-B238-9EB97E110AAD}.Debug|Any CPU.Build.0 = Debug|Any CPU
		{398E80D5-3929-407D-B238-9EB97E110AAD}.Release|Any CPU.ActiveCfg = Release|Any CPU
		{398E80D5-3929-407D-B238-9EB97E110AAD}.Release|Any CPU.Build.0 = Release|Any CPU
		{CABE4F44-3213-4CBF-81B6-A7F6B58E3C70}.Debug|Any CPU.ActiveCfg = Debug|Any CPU
		{CABE4F44-3213-4CBF-81B6-A7F6B58E3C70}.Debug|Any CPU.Build.0 = Debug|Any CPU
		{CABE4F44-3213-4CBF-81B6-A7F6B58E3C70}.Release|Any CPU.ActiveCfg = Release|Any CPU
		{CABE4F44-3213-4CBF-81B6-A7F6B58E3C70}.Release|Any CPU.Build.0 = Release|Any CPU
		{44D37D78-188C-4AFB-AB29-6A44E2B67274}.Debug|Any CPU.ActiveCfg = Debug|Any CPU
		{44D37D78-188C-4AFB-AB29-6A44E2B67274}.Debug|Any CPU.Build.0 = Debug|Any CPU
		{44D37D78-188C-4AFB-AB29-6A44E2B67274}.Release|Any CPU.ActiveCfg = Release|Any CPU
		{44D37D78-188C-4AFB-AB29-6A44E2B67274}.Release|Any CPU.Build.0 = Release|Any CPU
		{86462BFD-5334-45D9-913C-335A105F9BF3}.Debug|Any CPU.ActiveCfg = Debug|Any CPU
		{86462BFD-5334-45D9-913C-335A105F9BF3}.Debug|Any CPU.Build.0 = Debug|Any CPU
		{86462BFD-5334-45D9-913C-335A105F9BF3}.Release|Any CPU.ActiveCfg = Release|Any CPU
		{86462BFD-5334-45D9-913C-335A105F9BF3}.Release|Any CPU.Build.0 = Release|Any CPU
		{5477A2C1-06FF-44ED-A5CF-8605CE6CBC16}.Debug|Any CPU.ActiveCfg = Debug|Any CPU
		{5477A2C1-06FF-44ED-A5CF-8605CE6CBC16}.Debug|Any CPU.Build.0 = Debug|Any CPU
		{5477A2C1-06FF-44ED-A5CF-8605CE6CBC16}.Release|Any CPU.ActiveCfg = Release|Any CPU
		{5477A2C1-06FF-44ED-A5CF-8605CE6CBC16}.Release|Any CPU.Build.0 = Release|Any CPU
		{5B124D9E-E1E5-4943-8D9E-D9ADEEA97C68}.Debug|Any CPU.ActiveCfg = Debug|Any CPU
		{5B124D9E-E1E5-4943-8D9E-D9ADEEA97C68}.Debug|Any CPU.Build.0 = Debug|Any CPU
		{5B124D9E-E1E5-4943-8D9E-D9ADEEA97C68}.Release|Any CPU.ActiveCfg = Release|Any CPU
		{5B124D9E-E1E5-4943-8D9E-D9ADEEA97C68}.Release|Any CPU.Build.0 = Release|Any CPU
	EndGlobalSection
	GlobalSection(SolutionProperties) = preSolution
		HideSolutionNode = FALSE
	EndGlobalSection
	GlobalSection(ExtensibilityGlobals) = postSolution
		SolutionGuid = {99A6874E-6C24-4DAE-95CA-C42FB1F2B571}
	EndGlobalSection
EndGlobal
